
Microsoft Visual Studio Solution File, Format Version 12.00
# Visual Studio 15
VisualStudioVersion = 15.0.27323.2
MinimumVisualStudioVersion = 10.0.40219.1
Project("{FAE04EC0-301F-11D3-BF4B-00C04F79EFBC}") = "RazorTools", "RazorTools\RazorTools.csproj", "{6AC88EF9-DF04-4F45-AF17-4722AB34DECB}"
EndProject
Global
	GlobalSection(SolutionConfigurationPlatforms) = preSolution
		Debug|Any CPU = Debug|Any CPU
		Release|Any CPU = Release|Any CPU
	EndGlobalSection
	GlobalSection(ProjectConfigurationPlatforms) = postSolution
		{6AC88EF9-DF04-4F45-AF17-4722AB34DECB}.Debug|Any CPU.ActiveCfg = Debug|Any CPU
		{6AC88EF9-DF04-4F45-AF17-4722AB34DECB}.Debug|Any CPU.Build.0 = Debug|Any CPU
		{6AC88EF9-DF04-4F45-AF17-4722AB34DECB}.Release|Any CPU.ActiveCfg = Release|Any CPU
		{6AC88EF9-DF04-4F45-AF17-4722AB34DECB}.Release|Any CPU.Build.0 = Release|Any CPU
	EndGlobalSection
	GlobalSection(SolutionProperties) = preSolution
		HideSolutionNode = FALSE
	EndGlobalSection
	GlobalSection(ExtensibilityGlobals) = postSolution
		SolutionGuid = {12500547-D940-499D-B1F7-04767B774289}
	EndGlobalSection
EndGlobal
